
Microsoft Visual Studio Solution File, Format Version 12.00
# Visual Studio Version 17
VisualStudioVersion = 17.4.33205.214
MinimumVisualStudioVersion = 10.0.40219.1
Project("{2150E333-8FDC-42A3-9474-1A3956D46DE8}") = "Solution Items", "Solution Items", "{8B158DD8-7764-433D-87BE-F95E412C5034}"
	ProjectSection(SolutionItems) = preProject
		.editorconfig = .editorconfig
	EndProjectSection
EndProject
Project("{9A19103F-16F7-4668-BE54-9A1E7A4F7556}") = "AndroCtrl", "src\AndroCtrl\AndroCtrl.csproj", "{9A6BBBEF-70E0-4122-89B4-38D3BA94FC98}"
EndProject
Project("{9A19103F-16F7-4668-BE54-9A1E7A4F7556}") = "AndroCtrl.MusicSync", "src\AndroCtrl.MusicSync\AndroCtrl.MusicSync.csproj", "{DB0F890A-365F-494A-8B02-A82E978029A2}"
EndProject
Project("{9A19103F-16F7-4668-BE54-9A1E7A4F7556}") = "MulticastDNSDiscovery", "src\MulticastDNSDiscovery\MulticastDNSDiscovery.csproj", "{C31F9629-BC20-4721-AC6B-1067B8E32979}"
EndProject
Project("{2150E333-8FDC-42A3-9474-1A3956D46DE8}") = "Externals", "Externals", "{1E662192-7103-464C-A244-3CDE6A6AA912}"
EndProject
Project("{9A19103F-16F7-4668-BE54-9A1E7A4F7556}") = "AndroCtrl.Protocols.AndroidDebugBridge", "externals\AndroCtrl.Protocols.AndroidDebugBridge\AndroCtrl.Protocols.AndroidDebugBridge\AndroCtrl.Protocols.AndroidDebugBridge.csproj", "{A03EE881-AF51-4CB1-A801-B611EAC3F12E}"
EndProject
Project("{9A19103F-16F7-4668-BE54-9A1E7A4F7556}") = "CommonTK", "externals\CommonTK\src\CommonTK\CommonTK.csproj", "{9716987E-246F-44B1-915B-592FAFBD2550}"
EndProject
Project("{9A19103F-16F7-4668-BE54-9A1E7A4F7556}") = "CommonTK.Console", "externals\CommonTK\src\CommonTK.Console\CommonTK.Console.csproj", "{2E34EF31-EEFF-40E8-A388-253019013E1C}"
EndProject
Global
	GlobalSection(SolutionConfigurationPlatforms) = preSolution
		Debug|Any CPU = Debug|Any CPU
		Release|Any CPU = Release|Any CPU
	EndGlobalSection
	GlobalSection(ProjectConfigurationPlatforms) = postSolution
		{9A6BBBEF-70E0-4122-89B4-38D3BA94FC98}.Debug|Any CPU.ActiveCfg = Debug|Any CPU
		{9A6BBBEF-70E0-4122-89B4-38D3BA94FC98}.Debug|Any CPU.Build.0 = Debug|Any CPU
		{9A6BBBEF-70E0-4122-89B4-38D3BA94FC98}.Release|Any CPU.ActiveCfg = Release|Any CPU
		{9A6BBBEF-70E0-4122-89B4-38D3BA94FC98}.Release|Any CPU.Build.0 = Release|Any CPU
		{DB0F890A-365F-494A-8B02-A82E978029A2}.Debug|Any CPU.ActiveCfg = Debug|Any CPU
		{DB0F890A-365F-494A-8B02-A82E978029A2}.Debug|Any CPU.Build.0 = Debug|Any CPU
		{DB0F890A-365F-494A-8B02-A82E978029A2}.Release|Any CPU.ActiveCfg = Release|Any CPU
		{DB0F890A-365F-494A-8B02-A82E978029A2}.Release|Any CPU.Build.0 = Release|Any CPU
		{C31F9629-BC20-4721-AC6B-1067B8E32979}.Debug|Any CPU.ActiveCfg = Debug|Any CPU
		{C31F9629-BC20-4721-AC6B-1067B8E32979}.Debug|Any CPU.Build.0 = Debug|Any CPU
		{C31F9629-BC20-4721-AC6B-1067B8E32979}.Release|Any CPU.ActiveCfg = Release|Any CPU
		{C31F9629-BC20-4721-AC6B-1067B8E32979}.Release|Any CPU.Build.0 = Release|Any CPU
		{A03EE881-AF51-4CB1-A801-B611EAC3F12E}.Debug|Any CPU.ActiveCfg = Debug|Any CPU
		{A03EE881-AF51-4CB1-A801-B611EAC3F12E}.Debug|Any CPU.Build.0 = Debug|Any CPU
		{A03EE881-AF51-4CB1-A801-B611EAC3F12E}.Release|Any CPU.ActiveCfg = Release|Any CPU
		{A03EE881-AF51-4CB1-A801-B611EAC3F12E}.Release|Any CPU.Build.0 = Release|Any CPU
		{9716987E-246F-44B1-915B-592FAFBD2550}.Debug|Any CPU.ActiveCfg = Debug|Any CPU
		{9716987E-246F-44B1-915B-592FAFBD2550}.Debug|Any CPU.Build.0 = Debug|Any CPU
		{9716987E-246F-44B1-915B-592FAFBD2550}.Release|Any CPU.ActiveCfg = Release|Any CPU
		{9716987E-246F-44B1-915B-592FAFBD2550}.Release|Any CPU.Build.0 = Release|Any CPU
		{2E34EF31-EEFF-40E8-A388-253019013E1C}.Debug|Any CPU.ActiveCfg = Debug|Any CPU
		{2E34EF31-EEFF-40E8-A388-253019013E1C}.Debug|Any CPU.Build.0 = Debug|Any CPU
		{2E34EF31-EEFF-40E8-A388-253019013E1C}.Release|Any CPU.ActiveCfg = Release|Any CPU
		{2E34EF31-EEFF-40E8-A388-253019013E1C}.Release|Any CPU.Build.0 = Release|Any CPU
	EndGlobalSection
	GlobalSection(SolutionProperties) = preSolution
		HideSolutionNode = FALSE
	EndGlobalSection
	GlobalSection(NestedProjects) = preSolution
		{A03EE881-AF51-4CB1-A801-B611EAC3F12E} = {1E662192-7103-464C-A244-3CDE6A6AA912}
		{9716987E-246F-44B1-915B-592FAFBD2550} = {1E662192-7103-464C-A244-3CDE6A6AA912}
		{2E34EF31-EEFF-40E8-A388-253019013E1C} = {1E662192-7103-464C-A244-3CDE6A6AA912}
	EndGlobalSection
	GlobalSection(ExtensibilityGlobals) = postSolution
		SolutionGuid = {1CA58407-EB48-46F3-87EA-1FA8FF6E3A88}
	EndGlobalSection
EndGlobal
